<Solution>
  <Project Path="TimeKeepingManagement/TimeKeepingManagement.csproj" Id="c91cb08d-5476-453f-943b-7b18481fe49e" />
  <Project Path="TimeKeepingManagement_app_service/TimeKeepingManagement_app_service.csproj" />
  <Project Path="TimeKeepingManagement_data_service/TimeKeepingManagement_data_service.csproj" />
  <Project Path="TimeKeepingManagement_models/TimeKeepingManagement_models.csproj" />
</Solution>
