<Solution>
  <Project Path="TimeKeepingManagement.Console/TimeKeepingManagement.Console.csproj" />
  <Project Path="TimeKeepingManagement_app_service/TimeKeepingManagement_app_service.csproj" />
  <Project Path="TimeKeepingManagement_data_service/TimeKeepingManagement_data_service.csproj" />
  <Project Path="TimeKeepingManagement_models/TimeKeepingManagement_models.csproj" />
</Solution>
